Microsoft Visual Studio Solution File, Format Version 12.00
# Visual Studio Version 17
VisualStudioVersion = 17.0.31903.59
MinimumVisualStudioVersion = 10.0.40219.1
Project("{FAE04EC0-301F-11D3-BF4B-00C04F79EFBC}") = "FarmaFlow.Agent", "src\FarmaFlow.Agent\FarmaFlow.Agent.csproj", "{3F973E37-462D-4D5A-94A2-18A448F25DC7}"
EndProject
Project("{FAE04EC0-301F-11D3-BF4B-00C04F79EFBC}") = "FarmaFlow.Agent.Tests", "tests\FarmaFlow.Agent.Tests\FarmaFlow.Agent.Tests.csproj", "{47FBEB50-39A1-4B49-98A8-E2E0788869A1}"
EndProject
Project("{FAE04EC0-301F-11D3-BF4B-00C04F79EFBC}") = "FarmaFlow.Server.Host", "src\FarmaFlow.Server.Host\FarmaFlow.Server.Host.csproj", "{51DDCFCB-4CE1-4A0E-B4B8-56904553A175}"
EndProject
Project("{FAE04EC0-301F-11D3-BF4B-00C04F79EFBC}") = "FarmaFlow.Migration", "src\FarmaFlow.Migration\FarmaFlow.Migration.csproj", "{6015606F-CC0D-4766-8451-4B5AF4B281F0}"
EndProject
Project("{FAE04EC0-301F-11D3-BF4B-00C04F79EFBC}") = "FarmaFlow.Migration.Core", "src\FarmaFlow.Migration.Core\FarmaFlow.Migration.Core.csproj", "{BDFBD0A0-195C-46E1-A73B-A8B70F4C9081}"
EndProject
Project("{FAE04EC0-301F-11D3-BF4B-00C04F79EFBC}") = "FarmaFlow.Migration.Desktop", "src\FarmaFlow.Migration.Desktop\FarmaFlow.Migration.Desktop.csproj", "{A65B4208-9BBE-4AF8-B0A4-B5B1BBF6B8A0}"
EndProject
Project("{FAE04EC0-301F-11D3-BF4B-00C04F79EFBC}") = "FarmaFlow.Server.Setup", "src\FarmaFlow.Server.Setup\FarmaFlow.Server.Setup.csproj", "{0D977303-6E6E-41AD-A33D-C769746F8149}"
EndProject
Project("{2150E333-8FDC-42A3-9474-1A3956D46DE8}") = "tests", "tests", "{1D910C54-9B37-42DD-A650-E5D7702AFD02}"
EndProject
Project("{FAE04EC0-301F-11D3-BF4B-00C04F79EFBC}") = "FarmaFlow.Migration.Tests", "tests\FarmaFlow.Migration.Tests\FarmaFlow.Migration.Tests.csproj", "{C6BAEA26-C871-4E50-8AC2-55D35426FD7D}"
EndProject
Global
	GlobalSection(SolutionConfigurationPlatforms) = preSolution
		Debug|Any CPU = Debug|Any CPU
		Release|Any CPU = Release|Any CPU
	EndGlobalSection
	GlobalSection(ProjectConfigurationPlatforms) = postSolution
		{3F973E37-462D-4D5A-94A2-18A448F25DC7}.Debug|Any CPU.ActiveCfg = Debug|Any CPU
		{3F973E37-462D-4D5A-94A2-18A448F25DC7}.Debug|Any CPU.Build.0 = Debug|Any CPU
		{3F973E37-462D-4D5A-94A2-18A448F25DC7}.Release|Any CPU.ActiveCfg = Release|Any CPU
		{3F973E37-462D-4D5A-94A2-18A448F25DC7}.Release|Any CPU.Build.0 = Release|Any CPU
		{47FBEB50-39A1-4B49-98A8-E2E0788869A1}.Debug|Any CPU.ActiveCfg = Debug|Any CPU
		{47FBEB50-39A1-4B49-98A8-E2E0788869A1}.Debug|Any CPU.Build.0 = Debug|Any CPU
		{47FBEB50-39A1-4B49-98A8-E2E0788869A1}.Release|Any CPU.ActiveCfg = Release|Any CPU
		{47FBEB50-39A1-4B49-98A8-E2E0788869A1}.Release|Any CPU.Build.0 = Release|Any CPU
		{51DDCFCB-4CE1-4A0E-B4B8-56904553A175}.Debug|Any CPU.ActiveCfg = Debug|Any CPU
		{51DDCFCB-4CE1-4A0E-B4B8-56904553A175}.Debug|Any CPU.Build.0 = Debug|Any CPU
		{51DDCFCB-4CE1-4A0E-B4B8-56904553A175}.Release|Any CPU.ActiveCfg = Release|Any CPU
		{51DDCFCB-4CE1-4A0E-B4B8-56904553A175}.Release|Any CPU.Build.0 = Release|Any CPU
		{6015606F-CC0D-4766-8451-4B5AF4B281F0}.Debug|Any CPU.ActiveCfg = Debug|Any CPU
		{6015606F-CC0D-4766-8451-4B5AF4B281F0}.Debug|Any CPU.Build.0 = Debug|Any CPU
		{6015606F-CC0D-4766-8451-4B5AF4B281F0}.Release|Any CPU.ActiveCfg = Release|Any CPU
		{6015606F-CC0D-4766-8451-4B5AF4B281F0}.Release|Any CPU.Build.0 = Release|Any CPU
		{BDFBD0A0-195C-46E1-A73B-A8B70F4C9081}.Debug|Any CPU.ActiveCfg = Debug|Any CPU
		{BDFBD0A0-195C-46E1-A73B-A8B70F4C9081}.Debug|Any CPU.Build.0 = Debug|Any CPU
		{BDFBD0A0-195C-46E1-A73B-A8B70F4C9081}.Release|Any CPU.ActiveCfg = Release|Any CPU
		{BDFBD0A0-195C-46E1-A73B-A8B70F4C9081}.Release|Any CPU.Build.0 = Release|Any CPU
		{A65B4208-9BBE-4AF8-B0A4-B5B1BBF6B8A0}.Debug|Any CPU.ActiveCfg = Debug|Any CPU
		{A65B4208-9BBE-4AF8-B0A4-B5B1BBF6B8A0}.Debug|Any CPU.Build.0 = Debug|Any CPU
		{A65B4208-9BBE-4AF8-B0A4-B5B1BBF6B8A0}.Release|Any CPU.ActiveCfg = Release|Any CPU
		{A65B4208-9BBE-4AF8-B0A4-B5B1BBF6B8A0}.Release|Any CPU.Build.0 = Release|Any CPU
		{0D977303-6E6E-41AD-A33D-C769746F8149}.Debug|Any CPU.ActiveCfg = Debug|Any CPU
		{0D977303-6E6E-41AD-A33D-C769746F8149}.Debug|Any CPU.Build.0 = Debug|Any CPU
		{0D977303-6E6E-41AD-A33D-C769746F8149}.Release|Any CPU.ActiveCfg = Release|Any CPU
		{0D977303-6E6E-41AD-A33D-C769746F8149}.Release|Any CPU.Build.0 = Release|Any CPU
		{C6BAEA26-C871-4E50-8AC2-55D35426FD7D}.Debug|Any CPU.ActiveCfg = Debug|Any CPU
		{C6BAEA26-C871-4E50-8AC2-55D35426FD7D}.Debug|Any CPU.Build.0 = Debug|Any CPU
		{C6BAEA26-C871-4E50-8AC2-55D35426FD7D}.Release|Any CPU.ActiveCfg = Release|Any CPU
		{C6BAEA26-C871-4E50-8AC2-55D35426FD7D}.Release|Any CPU.Build.0 = Release|Any CPU
	EndGlobalSection
	GlobalSection(NestedProjects) = preSolution
		{C6BAEA26-C871-4E50-8AC2-55D35426FD7D} = {1D910C54-9B37-42DD-A650-E5D7702AFD02}
	EndGlobalSection
EndGlobal
